// !$*UTF8*$!
{
	archiveVersion = 1;
	classes = {
	};
	objectVersion = 51;
	objects = {

/* Begin PBXBuildFile section */
		5DD54AE438BEDD3F8C5F732D /* Pods_FirebaseSampleCode.framework in Frameworks */ = {isa = PBXBuildFile; fileRef = 4DF51DB0A5D5F23081C793E9 /* Pods_FirebaseSampleCode.framework */; };
		9C3C53822479FB7C00361581 /* AppDelegate.swift in Sources */ = {isa = PBXBuildFile; fileRef = 9C3C53812479FB7C00361581 /* AppDelegate.swift */; };
		9C3C53842479FB7C00361581 /* SceneDelegate.swift in Sources */ = {isa = PBXBuildFile; fileRef = 9C3C53832479FB7C00361581 /* SceneDelegate.swift */; };
		9C3C53862479FB7C00361581 /* ListView.swift in Sources */ = {isa = PBXBuildFile; fileRef = 9C3C53852479FB7C00361581 /* ListView.swift */; };
		9C3C53882479FB8200361581 /* Assets.xcassets in Resources */ = {isa = PBXBuildFile; fileRef = 9C3C53872479FB8200361581 /* Assets.xcassets */; };
		9C3C538B2479FB8200361581 /* Preview Assets.xcassets in Resources */ = {isa = PBXBuildFile; fileRef = 9C3C538A2479FB8200361581 /* Preview Assets.xcassets */; };
		9C3C538E2479FB8200361581 /* LaunchScreen.storyboard in Resources */ = {isa = PBXBuildFile; fileRef = 9C3C538C2479FB8200361581 /* LaunchScreen.storyboard */; };
		9C4E8E57247A33970022BB32 /* CardView.swift in Sources */ = {isa = PBXBuildFile; fileRef = 9C4E8E56247A33970022BB32 /* CardView.swift */; };
		9C4E8E5A247A573B0022BB32 /* MapView.swift in Sources */ = {isa = PBXBuildFile; fileRef = 9C4E8E59247A573B0022BB32 /* MapView.swift */; };
		9C4E8E5C247A574A0022BB32 /* HomeView.swift in Sources */ = {isa = PBXBuildFile; fileRef = 9C4E8E5B247A574A0022BB32 /* HomeView.swift */; };
		9C4E8E5E247A581C0022BB32 /* FormView.swift in Sources */ = {isa = PBXBuildFile; fileRef = 9C4E8E5D247A581C0022BB32 /* FormView.swift */; };
		9C4E8E60247A5BE20022BB32 /* SafariView.swift in Sources */ = {isa = PBXBuildFile; fileRef = 9C4E8E5F247A5BE20022BB32 /* SafariView.swift */; };
		9C4E8E62247A6F040022BB32 /* GoogleService-Info.plist in Resources */ = {isa = PBXBuildFile; fileRef = 9C4E8E61247A6F040022BB32 /* GoogleService-Info.plist */; };
		9C4E8E65247A974B0022BB32 /* ViewModel.swift in Sources */ = {isa = PBXBuildFile; fileRef = 9C4E8E64247A974B0022BB32 /* ViewModel.swift */; };
		9C7DE086247D576A003BA024 /* ImagePicker.swift in Sources */ = {isa = PBXBuildFile; fileRef = 9C7DE085247D576A003BA024 /* ImagePicker.swift */; };
/* End PBXBuildFile section */

/* Begin PBXFileReference section */
		4DF51DB0A5D5F23081C793E9 /* Pods_FirebaseSampleCode.framework */ = {isa = PBXFileReference; explicitFileType = wrapper.framework; includeInIndex = 0; path = Pods_FirebaseSampleCode.framework; sourceTree = BUILT_PRODUCTS_DIR; };
		81ED71CE838F0640B67B6AAE /* Pods-FirebaseSampleCode.release.xcconfig */ = {isa = PBXFileReference; includeInIndex = 1; lastKnownFileType = text.xcconfig; name = "Pods-FirebaseSampleCode.release.xcconfig"; path = "Target Support Files/Pods-FirebaseSampleCode/Pods-FirebaseSampleCode.release.xcconfig"; sourceTree = "<group>"; };
		9C3C537E2479FB7C00361581 /* FirebaseSampleCode.app */ = {isa = PBXFileReference; explicitFileType = wrapper.application; includeInIndex = 0; path = FirebaseSampleCode.app; sourceTree = BUILT_PRODUCTS_DIR; };
		9C3C53812479FB7C00361581 /* AppDelegate.swift */ = {isa = PBXFileReference; lastKnownFileType = sourcecode.swift; path = AppDelegate.swift; sourceTree = "<group>"; };
		9C3C53832479FB7C00361581 /* SceneDelegate.swift */ = {isa = PBXFileReference; lastKnownFileType = sourcecode.swift; path = SceneDelegate.swift; sourceTree = "<group>"; };
		9C3C53852479FB7C00361581 /* ListView.swift */ = {isa = PBXFileReference; lastKnownFileType = sourcecode.swift; path = ListView.swift; sourceTree = "<group>"; };
		9C3C53872479FB8200361581 /* Assets.xcassets */ = {isa = PBXFileReference; lastKnownFileType = folder.assetcatalog; path = Assets.xcassets; sourceTree = "<group>"; };
		9C3C538A2479FB8200361581 /* Preview Assets.xcassets */ = {isa = PBXFileReference; lastKnownFileType = folder.assetcatalog; path = "Preview Assets.xcassets"; sourceTree = "<group>"; };
		9C3C538D2479FB8200361581 /* Base */ = {isa = PBXFileReference; lastKnownFileType = file.storyboard; name = Base; path = Base.lproj/LaunchScreen.storyboard; sourceTree = "<group>"; };
		9C3C538F2479FB8200361581 /* Info.plist */ = {isa = PBXFileReference; lastKnownFileType = text.plist.xml; path = Info.plist; sourceTree = "<group>"; };
		9C4E8E56247A33970022BB32 /* CardView.swift */ = {isa = PBXFileReference; lastKnownFileType = sourcecode.swift; path = CardView.swift; sourceTree = "<group>"; };
		9C4E8E59247A573B0022BB32 /* MapView.swift */ = {isa = PBXFileReference; lastKnownFileType = sourcecode.swift; path = MapView.swift; sourceTree = "<group>"; };
		9C4E8E5B247A574A0022BB32 /* HomeView.swift */ = {isa = PBXFileReference; lastKnownFileType = sourcecode.swift; path = HomeView.swift; sourceTree = "<group>"; };
		9C4E8E5D247A581C0022BB32 /* FormView.swift */ = {isa = PBXFileReference; lastKnownFileType = sourcecode.swift; path = FormView.swift; sourceTree = "<group>"; };
		9C4E8E5F247A5BE20022BB32 /* SafariView.swift */ = {isa = PBXFileReference; lastKnownFileType = sourcecode.swift; path = SafariView.swift; sourceTree = "<group>"; };
		9C4E8E61247A6F040022BB32 /* GoogleService-Info.plist */ = {isa = PBXFileReference; fileEncoding = 4; lastKnownFileType = text.plist.xml; path = "GoogleService-Info.plist"; sourceTree = "<group>"; };
		9C4E8E64247A974B0022BB32 /* ViewModel.swift */ = {isa = PBXFileReference; lastKnownFileType = sourcecode.swift; path = ViewModel.swift; sourceTree = "<group>"; };
		9C7DE085247D576A003BA024 /* ImagePicker.swift */ = {isa = PBXFileReference; lastKnownFileType = sourcecode.swift; path = ImagePicker.swift; sourceTree = "<group>"; };
		E1CA6D2A7E4E31B5B31A0B47 /* Pods-FirebaseSampleCode.debug.xcconfig */ = {isa = PBXFileReference; includeInIndex = 1; lastKnownFileType = text.xcconfig; name = "Pods-FirebaseSampleCode.debug.xcconfig"; path = "Target Support Files/Pods-FirebaseSampleCode/Pods-FirebaseSampleCode.debug.xcconfig"; sourceTree = "<group>"; };
/* End PBXFileReference section */

/* Begin PBXFrameworksBuildPhase section */
		9C3C537B2479FB7C00361581 /* Frameworks */ = {
			isa = PBXFrameworksBuildPhase;
			buildActionMask = 2147483647;
			files = (
				5DD54AE438BEDD3F8C5F732D /* Pods_FirebaseSampleCode.framework in Frameworks */,
			);
			runOnlyForDeploymentPostprocessing = 0;
		};
/* End PBXFrameworksBuildPhase section */

/* Begin PBXGroup section */
		20CD96D4EC1905B13089D1D4 /* Pods */ = {
			isa = PBXGroup;
			children = (
				E1CA6D2A7E4E31B5B31A0B47 /* Pods-FirebaseSampleCode.debug.xcconfig */,
				81ED71CE838F0640B67B6AAE /* Pods-FirebaseSampleCode.release.xcconfig */,
			);
			path = Pods;
			sourceTree = "<group>";
		};
		67F949ED9D46273C9EF77297 /* Frameworks */ = {
			isa = PBXGroup;
			children = (
				4DF51DB0A5D5F23081C793E9 /* Pods_FirebaseSampleCode.framework */,
			);
			name = Frameworks;
			sourceTree = "<group>";
		};
		9C3C53752479FB7C00361581 = {
			isa = PBXGroup;
			children = (
				9C3C53802479FB7C00361581 /* FirebaseSampleCode */,
				9C3C537F2479FB7C00361581 /* Products */,
				20CD96D4EC1905B13089D1D4 /* Pods */,
				67F949ED9D46273C9EF77297 /* Frameworks */,
			);
			sourceTree = "<group>";
		};
		9C3C537F2479FB7C00361581 /* Products */ = {
			isa = PBXGroup;
			children = (
				9C3C537E2479FB7C00361581 /* FirebaseSampleCode.app */,
			);
			name = Products;
			sourceTree = "<group>";
		};
		9C3C53802479FB7C00361581 /* FirebaseSampleCode */ = {
			isa = PBXGroup;
			children = (
				9C4E8E58247A3DF00022BB32 /* Pages */,
				9C4E8E55247A33840022BB32 /* Components */,
				9C3C53812479FB7C00361581 /* AppDelegate.swift */,
				9C4E8E63247A97330022BB32 /* Models */,
				9C3C53832479FB7C00361581 /* SceneDelegate.swift */,
				9C3C53872479FB8200361581 /* Assets.xcassets */,
				9C3C538C2479FB8200361581 /* LaunchScreen.storyboard */,
				9C4E8E61247A6F040022BB32 /* GoogleService-Info.plist */,
				9C3C538F2479FB8200361581 /* Info.plist */,
				9C3C53892479FB8200361581 /* Preview Content */,
			);
			path = FirebaseSampleCode;
			sourceTree = "<group>";
		};
		9C3C53892479FB8200361581 /* Preview Content */ = {
			isa = PBXGroup;
			children = (
				9C3C538A2479FB8200361581 /* Preview Assets.xcassets */,
			);
			path = "Preview Content";
			sourceTree = "<group>";
		};
		9C4E8E55247A33840022BB32 /* Components */ = {
			isa = PBXGroup;
			children = (
				9C4E8E56247A33970022BB32 /* CardView.swift */,
				9C4E8E5F247A5BE20022BB32 /* SafariView.swift */,
				9C7DE085247D576A003BA024 /* ImagePicker.swift */,
			);
			path = Components;
			sourceTree = "<group>";
		};
		9C4E8E58247A3DF00022BB32 /* Pages */ = {
			isa = PBXGroup;
			children = (
				9C4E8E5B247A574A0022BB32 /* HomeView.swift */,
				9C3C53852479FB7C00361581 /* ListView.swift */,
				9C4E8E59247A573B0022BB32 /* MapView.swift */,
				9C4E8E5D247A581C0022BB32 /* FormView.swift */,
			);
			path = Pages;
			sourceTree = "<group>";
		};
		9C4E8E63247A97330022BB32 /* Models */ = {
			isa = PBXGroup;
			children = (
				9C4E8E64247A974B0022BB32 /* ViewModel.swift */,
			);
			path = Models;
			sourceTree = "<group>";
		};
/* End PBXGroup section */

/* Begin PBXNativeTarget section */
		9C3C537D2479FB7C00361581 /* FirebaseSampleCode */ = {
			isa = PBXNativeTarget;
			buildConfigurationList = 9C3C53922479FB8200361581 /* Build configuration list for PBXNativeTarget "FirebaseSampleCode" */;
			buildPhases = (
				389F08C402C85FFB4C239173 /* [CP] Check Pods Manifest.lock */,
				9C3C537A2479FB7C00361581 /* Sources */,
				9C3C537B2479FB7C00361581 /* Frameworks */,
				9C3C537C2479FB7C00361581 /* Resources */,
				61228BB290FAB54EE1A600D1 /* [CP] Embed Pods Frameworks */,
			);
			buildRules = (
			);
			dependencies = (
			);
			name = FirebaseSampleCode;
			productName = FirebaseSampleCode;
			productReference = 9C3C537E2479FB7C00361581 /* FirebaseSampleCode.app */;
			productType = "com.apple.product-type.application";
		};
/* End PBXNativeTarget section */

/* Begin PBXProject section */
		9C3C53762479FB7C00361581 /* Project object */ = {
			isa = PBXProject;
			attributes = {
				LastSwiftUpdateCheck = 1130;
				LastUpgradeCheck = 1130;
				ORGANIZATIONNAME = shusuke;
				TargetAttributes = {
					9C3C537D2479FB7C00361581 = {
						CreatedOnToolsVersion = 11.3.1;
					};
				};
			};
			buildConfigurationList = 9C3C53792479FB7C00361581 /* Build configuration list for PBXProject "FirebaseSampleCode" */;
			compatibilityVersion = "Xcode 9.3";
			developmentRegion = en;
			hasScannedForEncodings = 0;
			knownRegions = (
				en,
				Base,
			);
			mainGroup = 9C3C53752479FB7C00361581;
			productRefGroup = 9C3C537F2479FB7C00361581 /* Products */;
			projectDirPath = "";
			projectRoot = "";
			targets = (
				9C3C537D2479FB7C00361581 /* FirebaseSampleCode */,
			);
		};
/* End PBXProject section */

/* Begin PBXResourcesBuildPhase section */
		9C3C537C2479FB7C00361581 /* Resources */ = {
			isa = PBXResourcesBuildPhase;
			buildActionMask = 2147483647;
			files = (
				9C3C538E2479FB8200361581 /* LaunchScreen.storyboard in Resources */,
				9C4E8E62247A6F040022BB32 /* GoogleService-Info.plist in Resources */,
				9C3C538B2479FB8200361581 /* Preview Assets.xcassets in Resources */,
				9C3C53882479FB8200361581 /* Assets.xcassets in Resources */,
			);
			runOnlyForDeploymentPostprocessing = 0;
		};
/* End PBXResourcesBuildPhase section */

/* Begin PBXShellScriptBuildPhase section */
		389F08C402C85FFB4C239173 /* [CP] Check Pods Manifest.lock */ = {
			isa = PBXShellScriptBuildPhase;
			buildActionMask = 2147483647;
			files = (
			);
			inputFileListPaths = (
			);
			inputPaths = (
				"${PODS_PODFILE_DIR_PATH}/Podfile.lock",
				"${PODS_ROOT}/Manifest.lock",
			);
			name = "[CP] Check Pods Manifest.lock";
			outputFileListPaths = (
			);
			outputPaths = (
				"$(DERIVED_FILE_DIR)/Pods-FirebaseSampleCode-checkManifestLockResult.txt",
			);
			runOnlyForDeploymentPostprocessing = 0;
			shellPath = /bin/sh;
			shellScript = "diff \"${PODS_PODFILE_DIR_PATH}/Podfile.lock\" \"${PODS_ROOT}/Manifest.lock\" > /dev/null\nif [ $? != 0 ] ; then\n    # print error to STDERR\n    echo \"error: The sandbox is not in sync with the Podfile.lock. Run 'pod install' or update your CocoaPods installation.\" >&2\n    exit 1\nfi\n# This output is used by Xcode 'outputs' to avoid re-running this script phase.\necho \"SUCCESS\" > \"${SCRIPT_OUTPUT_FILE_0}\"\n";
			showEnvVarsInLog = 0;
		};
		61228BB290FAB54EE1A600D1 /* [CP] Embed Pods Frameworks */ = {
			isa = PBXShellScriptBuildPhase;
			buildActionMask = 2147483647;
			files = (
			);
			inputFileListPaths = (
				"${PODS_ROOT}/Target Support Files/Pods-FirebaseSampleCode/Pods-FirebaseSampleCode-frameworks-${CONFIGURATION}-input-files.xcfilelist",
			);
			name = "[CP] Embed Pods Frameworks";
			outputFileListPaths = (
				"${PODS_ROOT}/Target Support Files/Pods-FirebaseSampleCode/Pods-FirebaseSampleCode-frameworks-${CONFIGURATION}-output-files.xcfilelist",
			);
			runOnlyForDeploymentPostprocessing = 0;
			shellPath = /bin/sh;
			shellScript = "\"${PODS_ROOT}/Target Support Files/Pods-FirebaseSampleCode/Pods-FirebaseSampleCode-frameworks.sh\"\n";
			showEnvVarsInLog = 0;
		};
/* End PBXShellScriptBuildPhase section */

/* Begin PBXSourcesBuildPhase section */
		9C3C537A2479FB7C00361581 /* Sources */ = {
			isa = PBXSourcesBuildPhase;
			buildActionMask = 2147483647;
			files = (
				9C3C53822479FB7C00361581 /* AppDelegate.swift in Sources */,
				9C4E8E65247A974B0022BB32 /* ViewModel.swift in Sources */,
				9C3C53842479FB7C00361581 /* SceneDelegate.swift in Sources */,
				9C4E8E5E247A581C0022BB32 /* FormView.swift in Sources */,
				9C4E8E5A247A573B0022BB32 /* MapView.swift in Sources */,
				9C4E8E60247A5BE20022BB32 /* SafariView.swift in Sources */,
				9C4E8E5C247A574A0022BB32 /* HomeView.swift in Sources */,
				9C7DE086247D576A003BA024 /* ImagePicker.swift in Sources */,
				9C4E8E57247A33970022BB32 /* CardView.swift in Sources */,
				9C3C53862479FB7C00361581 /* ListView.swift in Sources */,
			);
			runOnlyForDeploymentPostprocessing = 0;
		};
/* End PBXSourcesBuildPhase section */

/* Begin PBXVariantGroup section */
		9C3C538C2479FB8200361581 /* LaunchScreen.storyboard */ = {
			isa = PBXVariantGroup;
			children = (
				9C3C538D2479FB8200361581 /* Base */,
			);
			name = LaunchScreen.storyboard;
			sourceTree = "<group>";
		};
/* End PBXVariantGroup section */

/* Begin XCBuildConfiguration section */
		9C3C53902479FB8200361581 /* Debug */ = {
			isa = XCBuildConfiguration;
			buildSettings = {
				ALWAYS_SEARCH_USER_PATHS = NO;
				CLANG_ANALYZER_NONNULL = YES;
				CLANG_ANALYZER_NUMBER_OBJECT_CONVERSION = YES_AGGRESSIVE;
				CLANG_CXX_LANGUAGE_STANDARD = "gnu++14";
				CLANG_CXX_LIBRARY = "libc++";
				CLANG_ENABLE_MODULES = YES;
				CLANG_ENABLE_OBJC_ARC = YES;
				CLANG_ENABLE_OBJC_WEAK = YES;
				CLANG_WARN_BLOCK_CAPTURE_AUTORELEASING = YES;
				CLANG_WARN_BOOL_CONVERSION = YES;
				CLANG_WARN_COMMA = YES;
				CLANG_WARN_CONSTANT_CONVERSION = YES;
				CLANG_WARN_DEPRECATED_OBJC_IMPLEMENTATIONS = YES;
				CLANG_WARN_DIRECT_OBJC_ISA_USAGE = YES_ERROR;
				CLANG_WARN_DOCUMENTATION_COMMENTS = YES;
				CLANG_WARN_EMPTY_BODY = YES;
				CLANG_WARN_ENUM_CONVERSION = YES;
				CLANG_WARN_INFINITE_RECURSION = YES;
				CLANG_WARN_INT_CONVERSION = YES;
				CLANG_WARN_NON_LITERAL_NULL_CONVERSION = YES;
				CLANG_WARN_OBJC_IMPLICIT_RETAIN_SELF = YES;
				CLANG_WARN_OBJC_LITERAL_CONVERSION = YES;
				CLANG_WARN_OBJC_ROOT_CLASS = YES_ERROR;
				CLANG_WARN_RANGE_LOOP_ANALYSIS = YES;
				CLANG_WARN_STRICT_PROTOTYPES = YES;
				CLANG_WARN_SUSPICIOUS_MOVE = YES;
				CLANG_WARN_UNGUARDED_AVAILABILITY = YES_AGGRESSIVE;
				CLANG_WARN_UNREACHABLE_CODE = YES;
				CLANG_WARN__DUPLICATE_METHOD_MATCH = YES;
				COPY_PHASE_STRIP = NO;
				DEBUG_INFORMATION_FORMAT = dwarf;
				ENABLE_STRICT_OBJC_MSGSEND = YES;
				ENABLE_TESTABILITY = YES;
				GCC_C_LANGUAGE_STANDARD = gnu11;
				GCC_DYNAMIC_NO_PIC = NO;
				GCC_NO_COMMON_BLOCKS = YES;
				GCC_OPTIMIZATION_LEVEL = 0;
				GCC_PREPROCESSOR_DEFINITIONS = (
					"DEBUG=1",
					"$(inherited)",
				);
				GCC_WARN_64_TO_32_BIT_CONVERSION = YES;
				GCC_WARN_ABOUT_RETURN_TYPE = YES_ERROR;
				GCC_WARN_UNDECLARED_SELECTOR = YES;
				GCC_WARN_UNINITIALIZED_AUTOS = YES_AGGRESSIVE;
				GCC_WARN_UNUSED_FUNCTION = YES;
				GCC_WARN_UNUSED_VARIABLE = YES;
				IPHONEOS_DEPLOYMENT_TARGET = 13.2;
				MTL_ENABLE_DEBUG_INFO = INCLUDE_SOURCE;
				MTL_FAST_MATH = YES;
				ONLY_ACTIVE_ARCH = YES;
				SDKROOT = iphoneos;
				SWIFT_ACTIVE_COMPILATION_CONDITIONS = DEBUG;
				SWIFT_OPTIMIZATION_LEVEL = "-Onone";
			};
			name = Debug;
		};
		9C3C53912479FB8200361581 /* Release */ = {
			isa = XCBuildConfiguration;
			buildSettings = {
				ALWAYS_SEARCH_USER_PATHS = NO;
				CLANG_ANALYZER_NONNULL = YES;
				CLANG_ANALYZER_NUMBER_OBJECT_CONVERSION = YES_AGGRESSIVE;
				CLANG_CXX_LANGUAGE_STANDARD = "gnu++14";
				CLANG_CXX_LIBRARY = "libc++";
				CLANG_ENABLE_MODULES = YES;
				CLANG_ENABLE_OBJC_ARC = YES;
				CLANG_ENABLE_OBJC_WEAK = YES;
				CLANG_WARN_BLOCK_CAPTURE_AUTORELEASING = YES;
				CLANG_WARN_BOOL_CONVERSION = YES;
				CLANG_WARN_COMMA = YES;
				CLANG_WARN_CONSTANT_CONVERSION = YES;
				CLANG_WARN_DEPRECATED_OBJC_IMPLEMENTATIONS = YES;
				CLANG_WARN_DIRECT_OBJC_ISA_USAGE = YES_ERROR;
				CLANG_WARN_DOCUMENTATION_COMMENTS = YES;
				CLANG_WARN_EMPTY_BODY = YES;
				CLANG_WARN_ENUM_CONVERSION = YES;
				CLANG_WARN_INFINITE_RECURSION = YES;
				CLANG_WARN_INT_CONVERSION = YES;
				CLANG_WARN_NON_LITERAL_NULL_CONVERSION = YES;
				CLANG_WARN_OBJC_IMPLICIT_RETAIN_SELF = YES;
				CLANG_WARN_OBJC_LITERAL_CONVERSION = YES;
				CLANG_WARN_OBJC_ROOT_CLASS = YES_ERROR;
				CLANG_WARN_RANGE_LOOP_ANALYSIS = YES;
				CLANG_WARN_STRICT_PROTOTYPES = YES;
				CLANG_WARN_SUSPICIOUS_MOVE = YES;
				CLANG_WARN_UNGUARDED_AVAILABILITY = YES_AGGRESSIVE;
				CLANG_WARN_UNREACHABLE_CODE = YES;
				CLANG_WARN__DUPLICATE_METHOD_MATCH = YES;
				COPY_PHASE_STRIP = NO;
				DEBUG_INFORMATION_FORMAT = "dwarf-with-dsym";
				ENABLE_NS_ASSERTIONS = NO;
				ENABLE_STRICT_OBJC_MSGSEND = YES;
				GCC_C_LANGUAGE_STANDARD = gnu11;
				GCC_NO_COMMON_BLOCKS = YES;
				GCC_WARN_64_TO_32_BIT_CONVERSION = YES;
				GCC_WARN_ABOUT_RETURN_TYPE = YES_ERROR;
				GCC_WARN_UNDECLARED_SELECTOR = YES;
				GCC_WARN_UNINITIALIZED_AUTOS = YES_AGGRESSIVE;
				GCC_WARN_UNUSED_FUNCTION = YES;
				GCC_WARN_UNUSED_VARIABLE = YES;
				IPHONEOS_DEPLOYMENT_TARGET = 13.2;
				MTL_ENABLE_DEBUG_INFO = NO;
				MTL_FAST_MATH = YES;
				SDKROOT = iphoneos;
				SWIFT_COMPILATION_MODE = wholemodule;
				SWIFT_OPTIMIZATION_LEVEL = "-O";
				VALIDATE_PRODUCT = YES;
			};
			name = Release;
		};
		9C3C53932479FB8200361581 /* Debug */ = {
			isa = XCBuildConfiguration;
			baseConfigurationReference = E1CA6D2A7E4E31B5B31A0B47 /* Pods-FirebaseSampleCode.debug.xcconfig */;
			buildSettings = {
				ASSETCATALOG_COMPILER_APPICON_NAME = AppIcon;
				CODE_SIGN_STYLE = Automatic;
				DEVELOPMENT_ASSET_PATHS = "\"FirebaseSampleCode/Preview Content\"";
				DEVELOPMENT_TEAM = 2XL9QYTD77;
				ENABLE_PREVIEWS = YES;
				INFOPLIST_FILE = FirebaseSampleCode/Info.plist;
				LD_RUNPATH_SEARCH_PATHS = (
					"$(inherited)",
					"@executable_path/Frameworks",
				);
				PRODUCT_BUNDLE_IDENTIFIER = jp.shusuke.ota.FirebaseSampleCode;
				PRODUCT_NAME = "$(TARGET_NAME)";
				SWIFT_VERSION = 5.0;
				TARGETED_DEVICE_FAMILY = "1,2";
			};
			name = Debug;
		};
		9C3C53942479FB8200361581 /* Release */ = {
			isa = XCBuildConfiguration;
			baseConfigurationReference = 81ED71CE838F0640B67B6AAE /* Pods-FirebaseSampleCode.release.xcconfig */;
			buildSettings = {
				ASSETCATALOG_COMPILER_APPICON_NAME = AppIcon;
				CODE_SIGN_STYLE = Automatic;
				DEVELOPMENT_ASSET_PATHS = "\"FirebaseSampleCode/Preview Content\"";
				DEVELOPMENT_TEAM = 2XL9QYTD77;
				ENABLE_PREVIEWS = YES;
				INFOPLIST_FILE = FirebaseSampleCode/Info.plist;
				LD_RUNPATH_SEARCH_PATHS = (
					"$(inherited)",
					"@executable_path/Frameworks",
				);
				PRODUCT_BUNDLE_IDENTIFIER = jp.shusuke.ota.FirebaseSampleCode;
				PRODUCT_NAME = "$(TARGET_NAME)";
				SWIFT_VERSION = 5.0;
				TARGETED_DEVICE_FAMILY = "1,2";
			};
			name = Release;
		};
/* End XCBuildConfiguration section */

/* Begin XCConfigurationList section */
		9C3C53792479FB7C00361581 /* Build configuration list for PBXProject "FirebaseSampleCode" */ = {
			isa = XCConfigurationList;
			buildConfigurations = (
				9C3C53902479FB8200361581 /* Debug */,
				9C3C53912479FB8200361581 /* Release */,
			);
			defaultConfigurationIsVisible = 0;
			defaultConfigurationName = Release;
		};
		9C3C53922479FB8200361581 /* Build configuration list for PBXNativeTarget "FirebaseSampleCode" */ = {
			isa = XCConfigurationList;
			buildConfigurations = (
				9C3C53932479FB8200361581 /* Debug */,
				9C3C53942479FB8200361581 /* Release */,
			);
			defaultConfigurationIsVisible = 0;
			defaultConfigurationName = Release;
		};
/* End XCConfigurationList section */
	};
	rootObject = 9C3C53762479FB7C00361581 /* Project object */;
}
